
Microsoft Visual Studio Solution File, Format Version 12.00
# Visual Studio 14
VisualStudioVersion = 14.0.25420.1
MinimumVisualStudioVersion = 10.0.40219.1
Project("{FAE04EC0-301F-11D3-BF4B-00C04F79EFBC}") = "HotelManagement", "HotelManagement\HotelManagement.csproj", "{EF568651-0AA1-4E90-A848-289EC29D2E80}"
EndProject
Project("{FAE04EC0-301F-11D3-BF4B-00C04F79EFBC}") = "HotelDataEF", "HotelDataEF\HotelDataEF.csproj", "{7B4DE03E-244F-4CCC-9D2F-E4C91CD7DD63}"
EndProject
Global
	GlobalSection(SolutionConfigurationPlatforms) = preSolution
		Debug|Any CPU = Debug|Any CPU
		Release|Any CPU = Release|Any CPU
	EndGlobalSection
	GlobalSection(ProjectConfigurationPlatforms) = postSolution
		{EF568651-0AA1-4E90-A848-289EC29D2E80}.Debug|Any CPU.ActiveCfg = Debug|Any CPU
		{EF568651-0AA1-4E90-A848-289EC29D2E80}.Debug|Any CPU.Build.0 = Debug|Any CPU
		{EF568651-0AA1-4E90-A848-289EC29D2E80}.Release|Any CPU.ActiveCfg = Release|Any CPU
		{EF568651-0AA1-4E90-A848-289EC29D2E80}.Release|Any CPU.Build.0 = Release|Any CPU
		{7B4DE03E-244F-4CCC-9D2F-E4C91CD7DD63}.Debug|Any CPU.ActiveCfg = Debug|Any CPU
		{7B4DE03E-244F-4CCC-9D2F-E4C91CD7DD63}.Debug|Any CPU.Build.0 = Debug|Any CPU
		{7B4DE03E-244F-4CCC-9D2F-E4C91CD7DD63}.Release|Any CPU.ActiveCfg = Release|Any CPU
		{7B4DE03E-244F-4CCC-9D2F-E4C91CD7DD63}.Release|Any CPU.Build.0 = Release|Any CPU
	EndGlobalSection
	GlobalSection(SolutionProperties) = preSolution
		HideSolutionNode = FALSE
	EndGlobalSection
EndGlobal
